
Microsoft Visual Studio Solution File, Format Version 12.00
# Visual Studio Version 16
VisualStudioVersion = 16.0.30309.148
MinimumVisualStudioVersion = 10.0.40219.1
Project("{2150E333-8FDC-42A3-9474-1A3956D46DE8}") = "Application", "Application", "{9F877BD0-1FDF-425F-A79C-B2EB819031E1}"
EndProject
Project("{2150E333-8FDC-42A3-9474-1A3956D46DE8}") = "Domain", "Domain", "{1F37E2BD-639E-4912-9B09-2F61F3EFC08E}"
EndProject
Project("{2150E333-8FDC-42A3-9474-1A3956D46DE8}") = "Infra.IoC", "Infra.IoC", "{C984B048-57A5-4462-A5B3-68516529DABF}"
EndProject
Project("{2150E333-8FDC-42A3-9474-1A3956D46DE8}") = "Infra.Data", "Infra.Data", "{83DD9A1A-368F-40A8-AC6C-83EF85F468A4}"
EndProject
Project("{2150E333-8FDC-42A3-9474-1A3956D46DE8}") = "Presentation", "Presentation", "{D1C15655-EEFE-4E10-8E01-D5E78DC80AD7}"
EndProject
Project("{9A19103F-16F7-4668-BE54-9A1E7A4F7556}") = "CleanArch.Mvc", "CleanArch.Mvc\CleanArch.Mvc.csproj", "{D9866E8C-D1FC-473D-932C-7155602F441D}"
EndProject
Project("{9A19103F-16F7-4668-BE54-9A1E7A4F7556}") = "CleanArch.Domain", "CleanArch.Domain\CleanArch.Domain.csproj", "{8E18D678-60EC-4C51-AC97-E0A45DA723E9}"
EndProject
Project("{9A19103F-16F7-4668-BE54-9A1E7A4F7556}") = "CleanArch.Infra.Data", "CleanArch.Infra.Data\CleanArch.Infra.Data.csproj", "{79EA7C6E-B696-4C97-9959-BFBFF945C7F5}"
EndProject
Project("{9A19103F-16F7-4668-BE54-9A1E7A4F7556}") = "CleanArch.Application", "CleanArch.Application\CleanArch.Application.csproj", "{31D62A5C-194A-48C1-B054-1B4ACE400E78}"
EndProject
Project("{9A19103F-16F7-4668-BE54-9A1E7A4F7556}") = "CleanArch.Infra.IoC", "CleanArch.Infra.IoC\CleanArch.Infra.IoC.csproj", "{0594DFE3-93E5-4B7C-9ECD-5E9B7A57B71F}"
EndProject
Project("{2150E333-8FDC-42A3-9474-1A3956D46DE8}") = "Infra.Bus", "Infra.Bus", "{221B3C42-52AC-49FF-8996-9E8CC3F82326}"
EndProject
Project("{2150E333-8FDC-42A3-9474-1A3956D46DE8}") = "Api", "Api", "{769BE942-3179-45F5-B2D1-4C1E606F3120}"
EndProject
Global
	GlobalSection(SolutionConfigurationPlatforms) = preSolution
		Debug|Any CPU = Debug|Any CPU
		Release|Any CPU = Release|Any CPU
	EndGlobalSection
	GlobalSection(ProjectConfigurationPlatforms) = postSolution
		{D9866E8C-D1FC-473D-932C-7155602F441D}.Debug|Any CPU.ActiveCfg = Debug|Any CPU
		{D9866E8C-D1FC-473D-932C-7155602F441D}.Debug|Any CPU.Build.0 = Debug|Any CPU
		{D9866E8C-D1FC-473D-932C-7155602F441D}.Release|Any CPU.ActiveCfg = Release|Any CPU
		{D9866E8C-D1FC-473D-932C-7155602F441D}.Release|Any CPU.Build.0 = Release|Any CPU
		{8E18D678-60EC-4C51-AC97-E0A45DA723E9}.Debug|Any CPU.ActiveCfg = Debug|Any CPU
		{8E18D678-60EC-4C51-AC97-E0A45DA723E9}.Debug|Any CPU.Build.0 = Debug|Any CPU
		{8E18D678-60EC-4C51-AC97-E0A45DA723E9}.Release|Any CPU.ActiveCfg = Release|Any CPU
		{8E18D678-60EC-4C51-AC97-E0A45DA723E9}.Release|Any CPU.Build.0 = Release|Any CPU
		{79EA7C6E-B696-4C97-9959-BFBFF945C7F5}.Debug|Any CPU.ActiveCfg = Debug|Any CPU
		{79EA7C6E-B696-4C97-9959-BFBFF945C7F5}.Debug|Any CPU.Build.0 = Debug|Any CPU
		{79EA7C6E-B696-4C97-9959-BFBFF945C7F5}.Release|Any CPU.ActiveCfg = Release|Any CPU
		{79EA7C6E-B696-4C97-9959-BFBFF945C7F5}.Release|Any CPU.Build.0 = Release|Any CPU
		{31D62A5C-194A-48C1-B054-1B4ACE400E78}.Debug|Any CPU.ActiveCfg = Debug|Any CPU
		{31D62A5C-194A-48C1-B054-1B4ACE400E78}.Debug|Any CPU.Build.0 = Debug|Any CPU
		{31D62A5C-194A-48C1-B054-1B4ACE400E78}.Release|Any CPU.ActiveCfg = Release|Any CPU
		{31D62A5C-194A-48C1-B054-1B4ACE400E78}.Release|Any CPU.Build.0 = Release|Any CPU
		{0594DFE3-93E5-4B7C-9ECD-5E9B7A57B71F}.Debug|Any CPU.ActiveCfg = Debug|Any CPU
		{0594DFE3-93E5-4B7C-9ECD-5E9B7A57B71F}.Debug|Any CPU.Build.0 = Debug|Any CPU
		{0594DFE3-93E5-4B7C-9ECD-5E9B7A57B71F}.Release|Any CPU.ActiveCfg = Release|Any CPU
		{0594DFE3-93E5-4B7C-9ECD-5E9B7A57B71F}.Release|Any CPU.Build.0 = Release|Any CPU
	EndGlobalSection
	GlobalSection(SolutionProperties) = preSolution
		HideSolutionNode = FALSE
	EndGlobalSection
	GlobalSection(NestedProjects) = preSolution
		{D9866E8C-D1FC-473D-932C-7155602F441D} = {D1C15655-EEFE-4E10-8E01-D5E78DC80AD7}
		{8E18D678-60EC-4C51-AC97-E0A45DA723E9} = {1F37E2BD-639E-4912-9B09-2F61F3EFC08E}
		{79EA7C6E-B696-4C97-9959-BFBFF945C7F5} = {83DD9A1A-368F-40A8-AC6C-83EF85F468A4}
		{31D62A5C-194A-48C1-B054-1B4ACE400E78} = {9F877BD0-1FDF-425F-A79C-B2EB819031E1}
		{0594DFE3-93E5-4B7C-9ECD-5E9B7A57B71F} = {C984B048-57A5-4462-A5B3-68516529DABF}
	EndGlobalSection
	GlobalSection(ExtensibilityGlobals) = postSolution
		SolutionGuid = {7128203A-2E17-4123-8CC2-8A8F53C6BAD8}
	EndGlobalSection
EndGlobal
